<?xml version="1.0" encoding="utf-8"?>
<Project ToolsVersion="4.0" xmlns="http://schemas.microsoft.com/developer/msbuild/2003">
  <ItemGroup>
    <FxCompile Include="geometric_primitive_vs.hlsl">
      <Filter>Shader\geometric</Filter>
    </FxCompile>
    <FxCompile Include="geometric_primitive_ps.hlsl">
      <Filter>Shader\geometric</Filter>
    </FxCompile>
    <FxCompile Include="sprite_vs.hlsl">
      <Filter>Shader\sprite</Filter>
    </FxCompile>
    <FxCompile Include="sprite_ps.hlsl">
      <Filter>Shader\sprite</Filter>
    </FxCompile>
    <FxCompile Include="not_light_vs.hlsl">
      <Filter>Shader\static_not_light</Filter>
    </FxCompile>
    <FxCompile Include="not_light_ps.hlsl">
      <Filter>Shader\static_not_light</Filter>
    </FxCompile>
    <FxCompile Include="static_mesh_vs.hlsl">
      <Filter>Shader\static</Filter>
    </FxCompile>
    <FxCompile Include="static_mesh_ps.hlsl">
      <Filter>Shader\static</Filter>
    </FxCompile>
  </ItemGroup>
  <ItemGroup>
    <ClCompile Include="blender.cpp">
      <Filter>Source</Filter>
    </ClCompile>
    <ClCompile Include="camera.cpp">
      <Filter>Source</Filter>
    </ClCompile>
    <ClCompile Include="collision.cpp">
      <Filter>Source</Filter>
    </ClCompile>
    <ClCompile Include="debug.cpp">
      <Filter>Source</Filter>
    </ClCompile>
    <ClCompile Include="framework.cpp">
      <Filter>Source</Filter>
    </ClCompile>
    <ClCompile Include="geometric_primitive.cpp">
      <Filter>Source</Filter>
    </ClCompile>
    <ClCompile Include="ground_blocks.cpp">
      <Filter>Source</Filter>
    </ClCompile>
    <ClCompile Include="hover.cpp">
      <Filter>Source</Filter>
    </ClCompile>
    <ClCompile Include="Logger.cpp">
      <Filter>Source</Filter>
    </ClCompile>
    <ClCompile Include="main.cpp">
      <Filter>Source</Filter>
    </ClCompile>
    <ClCompile Include="mesh.cpp">
      <Filter>Source</Filter>
    </ClCompile>
    <ClCompile Include="myMesh.cpp">
      <Filter>Source</Filter>
    </ClCompile>
    <ClCompile Include="pause.cpp">
      <Filter>Source</Filter>
    </ClCompile>
    <ClCompile Include="player.cpp">
      <Filter>Source</Filter>
    </ClCompile>
    <ClCompile Include="sceneManager.cpp">
      <Filter>Source</Filter>
    </ClCompile>
    <ClCompile Include="SkinndeCube.cpp">
      <Filter>Source</Filter>
    </ClCompile>
    <ClCompile Include="shader.cpp">
      <Filter>Source</Filter>
    </ClCompile>
    <ClCompile Include="Sound.cpp">
      <Filter>Source</Filter>
    </ClCompile>
    <ClCompile Include="sprite.cpp">
      <Filter>Source</Filter>
    </ClCompile>
    <ClCompile Include="texture.cpp">
      <Filter>Source</Filter>
    </ClCompile>
    <ClCompile Include="vector.cpp">
      <Filter>Source</Filter>
    </ClCompile>
    <ClCompile Include="imGui\imgui.cpp">
      <Filter>ImGui</Filter>
    </ClCompile>
    <ClCompile Include="imGui\imgui_demo.cpp">
      <Filter>ImGui</Filter>
    </ClCompile>
    <ClCompile Include="imGui\imgui_draw.cpp">
      <Filter>ImGui</Filter>
    </ClCompile>
    <ClCompile Include="imGui\imgui_impl_dx11.cpp">
      <Filter>ImGui</Filter>
    </ClCompile>
    <ClCompile Include="imGui\imgui_impl_win32.cpp">
      <Filter>ImGui</Filter>
    </ClCompile>
    <ClCompile Include="imGui\imgui_widgets.cpp">
      <Filter>ImGui</Filter>
    </ClCompile>
    <ClCompile Include="gameScene.cpp">
      <Filter>Source\Scene</Filter>
    </ClCompile>
    <ClCompile Include="scene.cpp">
      <Filter>Source\Scene</Filter>
    </ClCompile>
    <ClCompile Include="sceneTitle.cpp">
      <Filter>Source\Scene</Filter>
    </ClCompile>
    <ClCompile Include="sceneSelect.cpp">
      <Filter>Source\Scene</Filter>
    </ClCompile>
  </ItemGroup>
  <ItemGroup>
    <ClInclude Include="blender.h">
      <Filter>Header</Filter>
    </ClInclude>
    <ClInclude Include="camera.h">
      <Filter>Header</Filter>
    </ClInclude>
    <ClInclude Include="collision.h">
      <Filter>Header</Filter>
    </ClInclude>
    <ClInclude Include="debug.h">
      <Filter>Header</Filter>
    </ClInclude>
    <ClInclude Include="framework.h">
      <Filter>Header</Filter>
    </ClInclude>
    <ClInclude Include="geometric_primitive.h">
      <Filter>Header</Filter>
    </ClInclude>
    <ClInclude Include="ground_blocks.h">
      <Filter>Header</Filter>
    </ClInclude>
    <ClInclude Include="high_resolution_timer.h">
      <Filter>Header</Filter>
    </ClInclude>
    <ClInclude Include="hover.h">
      <Filter>Header</Filter>
    </ClInclude>
    <ClInclude Include="Logger.h">
      <Filter>Header</Filter>
    </ClInclude>
    <ClInclude Include="mesh.h">
      <Filter>Header</Filter>
    </ClInclude>
    <ClInclude Include="misc.h">
      <Filter>Header</Filter>
    </ClInclude>
    <ClInclude Include="myMesh.h">
      <Filter>Header</Filter>
    </ClInclude>
    <ClInclude Include="pause.h">
      <Filter>Header</Filter>
    </ClInclude>
    <ClInclude Include="player.h">
      <Filter>Header</Filter>
    </ClInclude>
    <ClInclude Include="scene.h">
      <Filter>Header</Filter>
    </ClInclude>
    <ClInclude Include="shader.h">
      <Filter>Header</Filter>
    </ClInclude>
    <ClInclude Include="Sound.h">
      <Filter>Header</Filter>
    </ClInclude>
    <ClInclude Include="SkinndeCube.h">
      <Filter>Header</Filter>
    </ClInclude>
    <ClInclude Include="sprite.h">
      <Filter>Header</Filter>
    </ClInclude>
    <ClInclude Include="texture.h">
      <Filter>Header</Filter>
    </ClInclude>
    <ClInclude Include="vector.h">
      <Filter>Header</Filter>
    </ClInclude>
    <ClInclude Include="imGui\imconfig.h">
      <Filter>ImGui</Filter>
    </ClInclude>
    <ClInclude Include="imGui\imgui.h">
      <Filter>ImGui</Filter>
    </ClInclude>
    <ClInclude Include="imGui\imgui_impl_dx11.h">
      <Filter>ImGui</Filter>
    </ClInclude>
    <ClInclude Include="imGui\imgui_impl_win32.h">
      <Filter>ImGui</Filter>
    </ClInclude>
    <ClInclude Include="imGui\imgui_internal.h">
      <Filter>ImGui</Filter>
    </ClInclude>
    <ClInclude Include="imGui\imstb_rectpack.h">
      <Filter>ImGui</Filter>
    </ClInclude>
    <ClInclude Include="imGui\imstb_textedit.h">
      <Filter>ImGui</Filter>
    </ClInclude>
    <ClInclude Include="imGui\imstb_truetype.h">
      <Filter>ImGui</Filter>
    </ClInclude>
  </ItemGroup>
  <ItemGroup>
    <None Include="geometric_primitive.hlsli">
      <Filter>Shader\geometric</Filter>
    </None>
    <None Include="sprite.hlsli">
      <Filter>Shader\sprite</Filter>
    </None>
    <None Include="not_light.hlsli">
      <Filter>Shader\static_not_light</Filter>
    </None>
    <None Include="static_mesh.hlsli">
      <Filter>Shader\static</Filter>
    </None>
  </ItemGroup>
  <ItemGroup>
    <Filter Include="Source">
      <UniqueIdentifier>{8c348d36-da05-4275-ab23-d1389d6b7a46}</UniqueIdentifier>
    </Filter>
    <Filter Include="Header">
      <UniqueIdentifier>{74c8f92b-ccdd-4ce8-bd6e-8521ebf27edc}</UniqueIdentifier>
    </Filter>
    <Filter Include="Shader">
      <UniqueIdentifier>{9e00ff23-88a6-4cd3-8f5b-337c39bd8862}</UniqueIdentifier>
    </Filter>
    <Filter Include="ImGui">
      <UniqueIdentifier>{b5eadf1d-e505-42ed-966c-d7b576abc06b}</UniqueIdentifier>
    </Filter>
    <Filter Include="Shader\geometric">
      <UniqueIdentifier>{ec57acc1-f8fa-4972-9506-980313afe33f}</UniqueIdentifier>
    </Filter>
    <Filter Include="Shader\sprite">
      <UniqueIdentifier>{6b7a0193-3708-4d70-b6b2-204b4cc1913c}</UniqueIdentifier>
    </Filter>
    <Filter Include="Shader\static">
      <UniqueIdentifier>{e93f1e93-9512-4030-8837-043745938505}</UniqueIdentifier>
    </Filter>
    <Filter Include="Source\Scene">
      <UniqueIdentifier>{66fe8e61-77e3-481b-af9d-b21905a930c5}</UniqueIdentifier>
    </Filter>
    <Filter Include="Shader\static_not_light">
      <UniqueIdentifier>{8f8749c4-d7f4-42c5-b7bd-b68b46df0a65}</UniqueIdentifier>
    </Filter>
  </ItemGroup>
</Project>